
Microsoft Visual Studio Solution File, Format Version 12.00
# Visual Studio Version 17
VisualStudioVersion = 17.3.32922.545
MinimumVisualStudioVersion = 10.0.40219.1
Project("{2150E333-8FDC-42A3-9474-1A3956D46DE8}") = "ReleaseVersion", "ReleaseVersion", "{7EFFF81A-6335-40F4-9E16-56EB08525755}"
	ProjectSection(SolutionItems) = preProject
		ReleaseVersion\Directory.Build.props = ReleaseVersion\Directory.Build.props
	EndProjectSection
EndProject
Project("{9A19103F-16F7-4668-BE54-9A1E7A4F7556}") = "ReleaseVersion.Desktop", "ReleaseVersion\ReleaseVersion.Desktop\ReleaseVersion.Desktop.csproj", "{B6AF3040-2245-497C-813B-779E017A12D6}"
EndProject
Project("{9A19103F-16F7-4668-BE54-9A1E7A4F7556}") = "ReleaseVersion", "ReleaseVersion\ReleaseVersion\ReleaseVersion.csproj", "{62CEF3A9-07E5-4631-B58F-978B167827D5}"
EndProject
Project("{2150E333-8FDC-42A3-9474-1A3956D46DE8}") = "SolutionItems", "SolutionItems", "{B8552421-0882-4B5D-A7E0-3B04AA19F7E5}"
	ProjectSection(SolutionItems) = preProject
		.gitignore = .gitignore
		publish.sh = publish.sh
		readme.md = readme.md
	EndProjectSection
EndProject
Project("{2150E333-8FDC-42A3-9474-1A3956D46DE8}") = "WorkingVersion", "WorkingVersion", "{FC71B33C-68DF-4451-957C-F8095F33EBCF}"
	ProjectSection(SolutionItems) = preProject
		WorkingVersion\Directory.Build.props = WorkingVersion\Directory.Build.props
	EndProjectSection
EndProject
Project("{9A19103F-16F7-4668-BE54-9A1E7A4F7556}") = "WorkingVersion", "WorkingVersion\WorkingVersion\WorkingVersion.csproj", "{B50C87C3-9D7F-4F8C-A748-439C0AFF9B9D}"
EndProject
Project("{9A19103F-16F7-4668-BE54-9A1E7A4F7556}") = "WorkingVersion.Desktop", "WorkingVersion\WorkingVersion.Desktop\WorkingVersion.Desktop.csproj", "{5F6CD06A-D1DA-49F2-9BC0-44F3CBA9A606}"
EndProject
Global
	GlobalSection(SolutionConfigurationPlatforms) = preSolution
		Debug|Any CPU = Debug|Any CPU
		Debug|x64 = Debug|x64
		Debug|x86 = Debug|x86
		Release|Any CPU = Release|Any CPU
		Release|x64 = Release|x64
		Release|x86 = Release|x86
	EndGlobalSection
	GlobalSection(ProjectConfigurationPlatforms) = postSolution
		{B6AF3040-2245-497C-813B-779E017A12D6}.Debug|Any CPU.ActiveCfg = Debug|Any CPU
		{B6AF3040-2245-497C-813B-779E017A12D6}.Debug|Any CPU.Build.0 = Debug|Any CPU
		{B6AF3040-2245-497C-813B-779E017A12D6}.Debug|x64.ActiveCfg = Debug|Any CPU
		{B6AF3040-2245-497C-813B-779E017A12D6}.Debug|x64.Build.0 = Debug|Any CPU
		{B6AF3040-2245-497C-813B-779E017A12D6}.Debug|x86.ActiveCfg = Debug|Any CPU
		{B6AF3040-2245-497C-813B-779E017A12D6}.Debug|x86.Build.0 = Debug|Any CPU
		{B6AF3040-2245-497C-813B-779E017A12D6}.Release|Any CPU.ActiveCfg = Release|Any CPU
		{B6AF3040-2245-497C-813B-779E017A12D6}.Release|Any CPU.Build.0 = Release|Any CPU
		{B6AF3040-2245-497C-813B-779E017A12D6}.Release|x64.ActiveCfg = Release|Any CPU
		{B6AF3040-2245-497C-813B-779E017A12D6}.Release|x64.Build.0 = Release|Any CPU
		{B6AF3040-2245-497C-813B-779E017A12D6}.Release|x86.ActiveCfg = Release|Any CPU
		{B6AF3040-2245-497C-813B-779E017A12D6}.Release|x86.Build.0 = Release|Any CPU
		{62CEF3A9-07E5-4631-B58F-978B167827D5}.Debug|Any CPU.ActiveCfg = Debug|Any CPU
		{62CEF3A9-07E5-4631-B58F-978B167827D5}.Debug|Any CPU.Build.0 = Debug|Any CPU
		{62CEF3A9-07E5-4631-B58F-978B167827D5}.Debug|x64.ActiveCfg = Debug|Any CPU
		{62CEF3A9-07E5-4631-B58F-978B167827D5}.Debug|x64.Build.0 = Debug|Any CPU
		{62CEF3A9-07E5-4631-B58F-978B167827D5}.Debug|x86.ActiveCfg = Debug|Any CPU
		{62CEF3A9-07E5-4631-B58F-978B167827D5}.Debug|x86.Build.0 = Debug|Any CPU
		{62CEF3A9-07E5-4631-B58F-978B167827D5}.Release|Any CPU.ActiveCfg = Release|Any CPU
		{62CEF3A9-07E5-4631-B58F-978B167827D5}.Release|Any CPU.Build.0 = Release|Any CPU
		{62CEF3A9-07E5-4631-B58F-978B167827D5}.Release|x64.ActiveCfg = Release|Any CPU
		{62CEF3A9-07E5-4631-B58F-978B167827D5}.Release|x64.Build.0 = Release|Any CPU
		{62CEF3A9-07E5-4631-B58F-978B167827D5}.Release|x86.ActiveCfg = Release|Any CPU
		{62CEF3A9-07E5-4631-B58F-978B167827D5}.Release|x86.Build.0 = Release|Any CPU
		{B50C87C3-9D7F-4F8C-A748-439C0AFF9B9D}.Debug|Any CPU.ActiveCfg = Debug|Any CPU
		{B50C87C3-9D7F-4F8C-A748-439C0AFF9B9D}.Debug|Any CPU.Build.0 = Debug|Any CPU
		{B50C87C3-9D7F-4F8C-A748-439C0AFF9B9D}.Debug|x64.ActiveCfg = Debug|Any CPU
		{B50C87C3-9D7F-4F8C-A748-439C0AFF9B9D}.Debug|x64.Build.0 = Debug|Any CPU
		{B50C87C3-9D7F-4F8C-A748-439C0AFF9B9D}.Debug|x86.ActiveCfg = Debug|Any CPU
		{B50C87C3-9D7F-4F8C-A748-439C0AFF9B9D}.Debug|x86.Build.0 = Debug|Any CPU
		{B50C87C3-9D7F-4F8C-A748-439C0AFF9B9D}.Release|Any CPU.ActiveCfg = Release|Any CPU
		{B50C87C3-9D7F-4F8C-A748-439C0AFF9B9D}.Release|Any CPU.Build.0 = Release|Any CPU
		{B50C87C3-9D7F-4F8C-A748-439C0AFF9B9D}.Release|x64.ActiveCfg = Release|Any CPU
		{B50C87C3-9D7F-4F8C-A748-439C0AFF9B9D}.Release|x64.Build.0 = Release|Any CPU
		{B50C87C3-9D7F-4F8C-A748-439C0AFF9B9D}.Release|x86.ActiveCfg = Release|Any CPU
		{B50C87C3-9D7F-4F8C-A748-439C0AFF9B9D}.Release|x86.Build.0 = Release|Any CPU
		{5F6CD06A-D1DA-49F2-9BC0-44F3CBA9A606}.Debug|Any CPU.ActiveCfg = Debug|Any CPU
		{5F6CD06A-D1DA-49F2-9BC0-44F3CBA9A606}.Debug|Any CPU.Build.0 = Debug|Any CPU
		{5F6CD06A-D1DA-49F2-9BC0-44F3CBA9A606}.Debug|x64.ActiveCfg = Debug|Any CPU
		{5F6CD06A-D1DA-49F2-9BC0-44F3CBA9A606}.Debug|x64.Build.0 = Debug|Any CPU
		{5F6CD06A-D1DA-49F2-9BC0-44F3CBA9A606}.Debug|x86.ActiveCfg = Debug|Any CPU
		{5F6CD06A-D1DA-49F2-9BC0-44F3CBA9A606}.Debug|x86.Build.0 = Debug|Any CPU
		{5F6CD06A-D1DA-49F2-9BC0-44F3CBA9A606}.Release|Any CPU.ActiveCfg = Release|Any CPU
		{5F6CD06A-D1DA-49F2-9BC0-44F3CBA9A606}.Release|Any CPU.Build.0 = Release|Any CPU
		{5F6CD06A-D1DA-49F2-9BC0-44F3CBA9A606}.Release|x64.ActiveCfg = Release|Any CPU
		{5F6CD06A-D1DA-49F2-9BC0-44F3CBA9A606}.Release|x64.Build.0 = Release|Any CPU
		{5F6CD06A-D1DA-49F2-9BC0-44F3CBA9A606}.Release|x86.ActiveCfg = Release|Any CPU
		{5F6CD06A-D1DA-49F2-9BC0-44F3CBA9A606}.Release|x86.Build.0 = Release|Any CPU
	EndGlobalSection
	GlobalSection(SolutionProperties) = preSolution
		HideSolutionNode = FALSE
	EndGlobalSection
	GlobalSection(NestedProjects) = preSolution
		{B6AF3040-2245-497C-813B-779E017A12D6} = {7EFFF81A-6335-40F4-9E16-56EB08525755}
		{62CEF3A9-07E5-4631-B58F-978B167827D5} = {7EFFF81A-6335-40F4-9E16-56EB08525755}
		{B50C87C3-9D7F-4F8C-A748-439C0AFF9B9D} = {FC71B33C-68DF-4451-957C-F8095F33EBCF}
		{5F6CD06A-D1DA-49F2-9BC0-44F3CBA9A606} = {FC71B33C-68DF-4451-957C-F8095F33EBCF}
	EndGlobalSection
	GlobalSection(ExtensibilityGlobals) = postSolution
		SolutionGuid = {76654E80-B026-4477-ACB9-71A5F182433D}
	EndGlobalSection
EndGlobal
